// !$*UTF8*$!
{
	archiveVersion = 1;
	classes = {
	};
	objectVersion = 77;
	objects = {

/* Begin PBXBuildFile section */
		8451E4EE2DE9664C00D722AC /* Alamofire in Frameworks */ = {isa = PBXBuildFile; productRef = 8451E4ED2DE9664C00D722AC /* Alamofire */; };
		8451E4F12DE9666300D722AC /* SDWebImageSwiftUI in Frameworks */ = {isa = PBXBuildFile; productRef = 8451E4F02DE9666300D722AC /* SDWebImageSwiftUI */; };
		8451E4F42DE9668400D722AC /* KeychainAccess in Frameworks */ = {isa = PBXBuildFile; productRef = 8451E4F32DE9668400D722AC /* KeychainAccess */; };
		8451E4F72DE9669600D722AC /* SwiftUIRefresh in Frameworks */ = {isa = PBXBuildFile; productRef = 8451E4F62DE9669600D722AC /* SwiftUIRefresh */; };
/* End PBXBuildFile section */

/* Begin PBXContainerItemProxy section */
		8451E4D02DE9661E00D722AC /* PBXContainerItemProxy */ = {
			isa = PBXContainerItemProxy;
			containerPortal = 8451E4B72DE9661D00D722AC /* Project object */;
			proxyType = 1;
			remoteGlobalIDString = 8451E4BE2DE9661D00D722AC;
			remoteInfo = AutoFinder;
		};
		8451E4DA2DE9661E00D722AC /* PBXContainerItemProxy */ = {
			isa = PBXContainerItemProxy;
			containerPortal = 8451E4B72DE9661D00D722AC /* Project object */;
			proxyType = 1;
			remoteGlobalIDString = 8451E4BE2DE9661D00D722AC;
			remoteInfo = AutoFinder;
		};
/* End PBXContainerItemProxy section */

/* Begin PBXFileReference section */
		8451E4BF2DE9661D00D722AC /* AutoFinder.app */ = {isa = PBXFileReference; explicitFileType = wrapper.application; includeInIndex = 0; path = AutoFinder.app; sourceTree = BUILT_PRODUCTS_DIR; };
		8451E4CF2DE9661E00D722AC /* AutoFinderTests.xctest */ = {isa = PBXFileReference; explicitFileType = wrapper.cfbundle; includeInIndex = 0; path = AutoFinderTests.xctest; sourceTree = BUILT_PRODUCTS_DIR; };
		8451E4D92DE9661E00D722AC /* AutoFinderUITests.xctest */ = {isa = PBXFileReference; explicitFileType = wrapper.cfbundle; includeInIndex = 0; path = AutoFinderUITests.xctest; sourceTree = BUILT_PRODUCTS_DIR; };
/* End PBXFileReference section */

/* Begin PBXFileSystemSynchronizedBuildFileExceptionSet section */
		8451E5482DE9DE7D00D722AC /* Exceptions for "AutoFinder" folder in "AutoFinder" target */ = {
			isa = PBXFileSystemSynchronizedBuildFileExceptionSet;
			membershipExceptions = (
				Info.plist,
			);
			target = 8451E4BE2DE9661D00D722AC /* AutoFinder */;
		};
/* End PBXFileSystemSynchronizedBuildFileExceptionSet section */

/* Begin PBXFileSystemSynchronizedRootGroup section */
		8451E4C12DE9661D00D722AC /* AutoFinder */ = {
			isa = PBXFileSystemSynchronizedRootGroup;
			exceptions = (
				8451E5482DE9DE7D00D722AC /* Exceptions for "AutoFinder" folder in "AutoFinder" target */,
			);
			path = AutoFinder;
			sourceTree = "<group>";
		};
		8451E4D22DE9661E00D722AC /* AutoFinderTests */ = {
			isa = PBXFileSystemSynchronizedRootGroup;
			path = AutoFinderTests;
			sourceTree = "<group>";
		};
		8451E4DC2DE9661E00D722AC /* AutoFinderUITests */ = {
			isa = PBXFileSystemSynchronizedRootGroup;
			path = AutoFinderUITests;
			sourceTree = "<group>";
		};
/* End PBXFileSystemSynchronizedRootGroup section */

/* Begin PBXFrameworksBuildPhase section */
		8451E4BC2DE9661D00D722AC /* Frameworks */ = {
			isa = PBXFrameworksBuildPhase;
			buildActionMask = 2147483647;
			files = (
				8451E4F72DE9669600D722AC /* SwiftUIRefresh in Frameworks */,
				8451E4F12DE9666300D722AC /* SDWebImageSwiftUI in Frameworks */,
				8451E4EE2DE9664C00D722AC /* Alamofire in Frameworks */,
				8451E4F42DE9668400D722AC /* KeychainAccess in Frameworks */,
			);
			runOnlyForDeploymentPostprocessing = 0;
		};
		8451E4CC2DE9661E00D722AC /* Frameworks */ = {
			isa = PBXFrameworksBuildPhase;
			buildActionMask = 2147483647;
			files = (
			);
			runOnlyForDeploymentPostprocessing = 0;
		};
		8451E4D62DE9661E00D722AC /* Frameworks */ = {
			isa = PBXFrameworksBuildPhase;
			buildActionMask = 2147483647;
			files = (
			);
			runOnlyForDeploymentPostprocessing = 0;
		};
/* End PBXFrameworksBuildPhase section */

/* Begin PBXGroup section */
		8451E4B62DE9661D00D722AC = {
			isa = PBXGroup;
			children = (
				8451E4C12DE9661D00D722AC /* AutoFinder */,
				8451E4D22DE9661E00D722AC /* AutoFinderTests */,
				8451E4DC2DE9661E00D722AC /* AutoFinderUITests */,
				8451E4C02DE9661D00D722AC /* Products */,
			);
			sourceTree = "<group>";
		};
		8451E4C02DE9661D00D722AC /* Products */ = {
			isa = PBXGroup;
			children = (
				8451E4BF2DE9661D00D722AC /* AutoFinder.app */,
				8451E4CF2DE9661E00D722AC /* AutoFinderTests.xctest */,
				8451E4D92DE9661E00D722AC /* AutoFinderUITests.xctest */,
			);
			name = Products;
			sourceTree = "<group>";
		};
/* End PBXGroup section */

/* Begin PBXNativeTarget section */
		8451E4BE2DE9661D00D722AC /* AutoFinder */ = {
			isa = PBXNativeTarget;
			buildConfigurationList = 8451E4E32DE9661E00D722AC /* Build configuration list for PBXNativeTarget "AutoFinder" */;
			buildPhases = (
				8451E4BB2DE9661D00D722AC /* Sources */,
				8451E4BC2DE9661D00D722AC /* Frameworks */,
				8451E4BD2DE9661D00D722AC /* Resources */,
			);
			buildRules = (
			);
			dependencies = (
			);
			fileSystemSynchronizedGroups = (
				8451E4C12DE9661D00D722AC /* AutoFinder */,
			);
			name = AutoFinder;
			packageProductDependencies = (
				8451E4ED2DE9664C00D722AC /* Alamofire */,
				8451E4F02DE9666300D722AC /* SDWebImageSwiftUI */,
				8451E4F32DE9668400D722AC /* KeychainAccess */,
				8451E4F62DE9669600D722AC /* SwiftUIRefresh */,
			);
			productName = AutoFinder;
			productReference = 8451E4BF2DE9661D00D722AC /* AutoFinder.app */;
			productType = "com.apple.product-type.application";
		};
		8451E4CE2DE9661E00D722AC /* AutoFinderTests */ = {
			isa = PBXNativeTarget;
			buildConfigurationList = 8451E4E62DE9661E00D722AC /* Build configuration list for PBXNativeTarget "AutoFinderTests" */;
			buildPhases = (
				8451E4CB2DE9661E00D722AC /* Sources */,
				8451E4CC2DE9661E00D722AC /* Frameworks */,
				8451E4CD2DE9661E00D722AC /* Resources */,
			);
			buildRules = (
			);
			dependencies = (
				8451E4D12DE9661E00D722AC /* PBXTargetDependency */,
			);
			fileSystemSynchronizedGroups = (
				8451E4D22DE9661E00D722AC /* AutoFinderTests */,
			);
			name = AutoFinderTests;
			packageProductDependencies = (
			);
			productName = AutoFinderTests;
			productReference = 8451E4CF2DE9661E00D722AC /* AutoFinderTests.xctest */;
			productType = "com.apple.product-type.bundle.unit-test";
		};
		8451E4D82DE9661E00D722AC /* AutoFinderUITests */ = {
			isa = PBXNativeTarget;
			buildConfigurationList = 8451E4E92DE9661E00D722AC /* Build configuration list for PBXNativeTarget "AutoFinderUITests" */;
			buildPhases = (
				8451E4D52DE9661E00D722AC /* Sources */,
				8451E4D62DE9661E00D722AC /* Frameworks */,
				8451E4D72DE9661E00D722AC /* Resources */,
			);
			buildRules = (
			);
			dependencies = (
				8451E4DB2DE9661E00D722AC /* PBXTargetDependency */,
			);
			fileSystemSynchronizedGroups = (
				8451E4DC2DE9661E00D722AC /* AutoFinderUITests */,
			);
			name = AutoFinderUITests;
			packageProductDependencies = (
			);
			productName = AutoFinderUITests;
			productReference = 8451E4D92DE9661E00D722AC /* AutoFinderUITests.xctest */;
			productType = "com.apple.product-type.bundle.ui-testing";
		};
/* End PBXNativeTarget section */

/* Begin PBXProject section */
		8451E4B72DE9661D00D722AC /* Project object */ = {
			isa = PBXProject;
			attributes = {
				BuildIndependentTargetsInParallel = 1;
				LastSwiftUpdateCheck = 1600;
				LastUpgradeCheck = 1600;
				TargetAttributes = {
					8451E4BE2DE9661D00D722AC = {
						CreatedOnToolsVersion = 16.0;
					};
					8451E4CE2DE9661E00D722AC = {
						CreatedOnToolsVersion = 16.0;
						TestTargetID = 8451E4BE2DE9661D00D722AC;
					};
					8451E4D82DE9661E00D722AC = {
						CreatedOnToolsVersion = 16.0;
						TestTargetID = 8451E4BE2DE9661D00D722AC;
					};
				};
			};
			buildConfigurationList = 8451E4BA2DE9661D00D722AC /* Build configuration list for PBXProject "AutoFinder" */;
			developmentRegion = en;
			hasScannedForEncodings = 0;
			knownRegions = (
				en,
				Base,
			);
			mainGroup = 8451E4B62DE9661D00D722AC;
			minimizedProjectReferenceProxies = 1;
			packageReferences = (
				8451E4EC2DE9664C00D722AC /* XCRemoteSwiftPackageReference "Alamofire" */,
				8451E4EF2DE9666300D722AC /* XCRemoteSwiftPackageReference "SDWebImageSwiftUI" */,
				8451E4F22DE9668400D722AC /* XCRemoteSwiftPackageReference "KeychainAccess" */,
				8451E4F52DE9669600D722AC /* XCRemoteSwiftPackageReference "SwiftUIRefresh" */,
			);
			preferredProjectObjectVersion = 77;
			productRefGroup = 8451E4C02DE9661D00D722AC /* Products */;
			projectDirPath = "";
			projectRoot = "";
			targets = (
				8451E4BE2DE9661D00D722AC /* AutoFinder */,
				8451E4CE2DE9661E00D722AC /* AutoFinderTests */,
				8451E4D82DE9661E00D722AC /* AutoFinderUITests */,
			);
		};
/* End PBXProject section */

/* Begin PBXResourcesBuildPhase section */
		8451E4BD2DE9661D00D722AC /* Resources */ = {
			isa = PBXResourcesBuildPhase;
			buildActionMask = 2147483647;
			files = (
			);
			runOnlyForDeploymentPostprocessing = 0;
		};
		8451E4CD2DE9661E00D722AC /* Resources */ = {
			isa = PBXResourcesBuildPhase;
			buildActionMask = 2147483647;
			files = (
			);
			runOnlyForDeploymentPostprocessing = 0;
		};
		8451E4D72DE9661E00D722AC /* Resources */ = {
			isa = PBXResourcesBuildPhase;
			buildActionMask = 2147483647;
			files = (
			);
			runOnlyForDeploymentPostprocessing = 0;
		};
/* End PBXResourcesBuildPhase section */

/* Begin PBXSourcesBuildPhase section */
		8451E4BB2DE9661D00D722AC /* Sources */ = {
			isa = PBXSourcesBuildPhase;
			buildActionMask = 2147483647;
			files = (
			);
			runOnlyForDeploymentPostprocessing = 0;
		};
		8451E4CB2DE9661E00D722AC /* Sources */ = {
			isa = PBXSourcesBuildPhase;
			buildActionMask = 2147483647;
			files = (
			);
			runOnlyForDeploymentPostprocessing = 0;
		};
		8451E4D52DE9661E00D722AC /* Sources */ = {
			isa = PBXSourcesBuildPhase;
			buildActionMask = 2147483647;
			files = (
			);
			runOnlyForDeploymentPostprocessing = 0;
		};
/* End PBXSourcesBuildPhase section */

/* Begin PBXTargetDependency section */
		8451E4D12DE9661E00D722AC /* PBXTargetDependency */ = {
			isa = PBXTargetDependency;
			target = 8451E4BE2DE9661D00D722AC /* AutoFinder */;
			targetProxy = 8451E4D02DE9661E00D722AC /* PBXContainerItemProxy */;
		};
		8451E4DB2DE9661E00D722AC /* PBXTargetDependency */ = {
			isa = PBXTargetDependency;
			target = 8451E4BE2DE9661D00D722AC /* AutoFinder */;
			targetProxy = 8451E4DA2DE9661E00D722AC /* PBXContainerItemProxy */;
		};
/* End PBXTargetDependency section */

/* Begin XCBuildConfiguration section */
		8451E4E12DE9661E00D722AC /* Debug */ = {
			isa = XCBuildConfiguration;
			buildSettings = {
				ALWAYS_SEARCH_USER_PATHS = NO;
				ASSETCATALOG_COMPILER_GENERATE_SWIFT_ASSET_SYMBOL_EXTENSIONS = YES;
				CLANG_ANALYZER_NONNULL = YES;
				CLANG_ANALYZER_NUMBER_OBJECT_CONVERSION = YES_AGGRESSIVE;
				CLANG_CXX_LANGUAGE_STANDARD = "gnu++20";
				CLANG_ENABLE_MODULES = YES;
				CLANG_ENABLE_OBJC_ARC = YES;
				CLANG_ENABLE_OBJC_WEAK = YES;
				CLANG_WARN_BLOCK_CAPTURE_AUTORELEASING = YES;
				CLANG_WARN_BOOL_CONVERSION = YES;
				CLANG_WARN_COMMA = YES;
				CLANG_WARN_CONSTANT_CONVERSION = YES;
				CLANG_WARN_DEPRECATED_OBJC_IMPLEMENTATIONS = YES;
				CLANG_WARN_DIRECT_OBJC_ISA_USAGE = YES_ERROR;
				CLANG_WARN_DOCUMENTATION_COMMENTS = YES;
				CLANG_WARN_EMPTY_BODY = YES;
				CLANG_WARN_ENUM_CONVERSION = YES;
				CLANG_WARN_INFINITE_RECURSION = YES;
				CLANG_WARN_INT_CONVERSION = YES;
				CLANG_WARN_NON_LITERAL_NULL_CONVERSION = YES;
				CLANG_WARN_OBJC_IMPLICIT_RETAIN_SELF = YES;
				CLANG_WARN_OBJC_LITERAL_CONVERSION = YES;
				CLANG_WARN_OBJC_ROOT_CLASS = YES_ERROR;
				CLANG_WARN_QUOTED_INCLUDE_IN_FRAMEWORK_HEADER = YES;
				CLANG_WARN_RANGE_LOOP_ANALYSIS = YES;
				CLANG_WARN_STRICT_PROTOTYPES = YES;
				CLANG_WARN_SUSPICIOUS_MOVE = YES;
				CLANG_WARN_UNGUARDED_AVAILABILITY = YES_AGGRESSIVE;
				CLANG_WARN_UNREACHABLE_CODE = YES;
				CLANG_WARN__DUPLICATE_METHOD_MATCH = YES;
				COPY_PHASE_STRIP = NO;
				DEBUG_INFORMATION_FORMAT = dwarf;
				ENABLE_STRICT_OBJC_MSGSEND = YES;
				ENABLE_TESTABILITY = YES;
				ENABLE_USER_SCRIPT_SANDBOXING = YES;
				GCC_C_LANGUAGE_STANDARD = gnu17;
				GCC_DYNAMIC_NO_PIC = NO;
				GCC_NO_COMMON_BLOCKS = YES;
				GCC_OPTIMIZATION_LEVEL = 0;
				GCC_PREPROCESSOR_DEFINITIONS = (
					"DEBUG=1",
					"$(inherited)",
				);
				GCC_WARN_64_TO_32_BIT_CONVERSION = YES;
				GCC_WARN_ABOUT_RETURN_TYPE = YES_ERROR;
				GCC_WARN_UNDECLARED_SELECTOR = YES;
				GCC_WARN_UNINITIALIZED_AUTOS = YES_AGGRESSIVE;
				GCC_WARN_UNUSED_FUNCTION = YES;
				GCC_WARN_UNUSED_VARIABLE = YES;
				IPHONEOS_DEPLOYMENT_TARGET = 18.0;
				LOCALIZATION_PREFERS_STRING_CATALOGS = YES;
				MTL_ENABLE_DEBUG_INFO = INCLUDE_SOURCE;
				MTL_FAST_MATH = YES;
				ONLY_ACTIVE_ARCH = YES;
				SDKROOT = iphoneos;
				SWIFT_ACTIVE_COMPILATION_CONDITIONS = "DEBUG $(inherited)";
				SWIFT_OPTIMIZATION_LEVEL = "-Onone";
			};
			name = Debug;
		};
		8451E4E22DE9661E00D722AC /* Release */ = {
			isa = XCBuildConfiguration;
			buildSettings = {
				ALWAYS_SEARCH_USER_PATHS = NO;
				ASSETCATALOG_COMPILER_GENERATE_SWIFT_ASSET_SYMBOL_EXTENSIONS = YES;
				CLANG_ANALYZER_NONNULL = YES;
				CLANG_ANALYZER_NUMBER_OBJECT_CONVERSION = YES_AGGRESSIVE;
				CLANG_CXX_LANGUAGE_STANDARD = "gnu++20";
				CLANG_ENABLE_MODULES = YES;
				CLANG_ENABLE_OBJC_ARC = YES;
				CLANG_ENABLE_OBJC_WEAK = YES;
				CLANG_WARN_BLOCK_CAPTURE_AUTORELEASING = YES;
				CLANG_WARN_BOOL_CONVERSION = YES;
				CLANG_WARN_COMMA = YES;
				CLANG_WARN_CONSTANT_CONVERSION = YES;
				CLANG_WARN_DEPRECATED_OBJC_IMPLEMENTATIONS = YES;
				CLANG_WARN_DIRECT_OBJC_ISA_USAGE = YES_ERROR;
				CLANG_WARN_DOCUMENTATION_COMMENTS = YES;
				CLANG_WARN_EMPTY_BODY = YES;
				CLANG_WARN_ENUM_CONVERSION = YES;
				CLANG_WARN_INFINITE_RECURSION = YES;
				CLANG_WARN_INT_CONVERSION = YES;
				CLANG_WARN_NON_LITERAL_NULL_CONVERSION = YES;
				CLANG_WARN_OBJC_IMPLICIT_RETAIN_SELF = YES;
				CLANG_WARN_OBJC_LITERAL_CONVERSION = YES;
				CLANG_WARN_OBJC_ROOT_CLASS = YES_ERROR;
				CLANG_WARN_QUOTED_INCLUDE_IN_FRAMEWORK_HEADER = YES;
				CLANG_WARN_RANGE_LOOP_ANALYSIS = YES;
				CLANG_WARN_STRICT_PROTOTYPES = YES;
				CLANG_WARN_SUSPICIOUS_MOVE = YES;
				CLANG_WARN_UNGUARDED_AVAILABILITY = YES_AGGRESSIVE;
				CLANG_WARN_UNREACHABLE_CODE = YES;
				CLANG_WARN__DUPLICATE_METHOD_MATCH = YES;
				COPY_PHASE_STRIP = NO;
				DEBUG_INFORMATION_FORMAT = "dwarf-with-dsym";
				ENABLE_NS_ASSERTIONS = NO;
				ENABLE_STRICT_OBJC_MSGSEND = YES;
				ENABLE_USER_SCRIPT_SANDBOXING = YES;
				GCC_C_LANGUAGE_STANDARD = gnu17;
				GCC_NO_COMMON_BLOCKS = YES;
				GCC_WARN_64_TO_32_BIT_CONVERSION = YES;
				GCC_WARN_ABOUT_RETURN_TYPE = YES_ERROR;
				GCC_WARN_UNDECLARED_SELECTOR = YES;
				GCC_WARN_UNINITIALIZED_AUTOS = YES_AGGRESSIVE;
				GCC_WARN_UNUSED_FUNCTION = YES;
				GCC_WARN_UNUSED_VARIABLE = YES;
				IPHONEOS_DEPLOYMENT_TARGET = 18.0;
				LOCALIZATION_PREFERS_STRING_CATALOGS = YES;
				MTL_ENABLE_DEBUG_INFO = NO;
				MTL_FAST_MATH = YES;
				SDKROOT = iphoneos;
				SWIFT_COMPILATION_MODE = wholemodule;
				VALIDATE_PRODUCT = YES;
			};
			name = Release;
		};
		8451E4E42DE9661E00D722AC /* Debug */ = {
			isa = XCBuildConfiguration;
			buildSettings = {
				ASSETCATALOG_COMPILER_APPICON_NAME = AppIcon;
				ASSETCATALOG_COMPILER_GLOBAL_ACCENT_COLOR_NAME = AccentColor;
				CODE_SIGN_STYLE = Automatic;
				CURRENT_PROJECT_VERSION = 1;
				DEVELOPMENT_ASSET_PATHS = "\"AutoFinder/Preview Content\"";
				DEVELOPMENT_TEAM = 5MBFCJFUHP;
				ENABLE_PREVIEWS = YES;
				GENERATE_INFOPLIST_FILE = YES;
				INFOPLIST_FILE = "";
				INFOPLIST_KEY_UIApplicationSceneManifest_Generation = YES;
				INFOPLIST_KEY_UIApplicationSupportsIndirectInputEvents = YES;
				INFOPLIST_KEY_UILaunchScreen_Generation = YES;
				INFOPLIST_KEY_UISupportedInterfaceOrientations_iPad = "UIInterfaceOrientationPortrait UIInterfaceOrientationPortraitUpsideDown UIInterfaceOrientationLandscapeLeft UIInterfaceOrientationLandscapeRight";
				INFOPLIST_KEY_UISupportedInterfaceOrientations_iPhone = "UIInterfaceOrientationPortrait UIInterfaceOrientationLandscapeLeft UIInterfaceOrientationLandscapeRight";
				LD_RUNPATH_SEARCH_PATHS = (
					"$(inherited)",
					"@executable_path/Frameworks",
				);
				MARKETING_VERSION = 1.0;
				PRODUCT_BUNDLE_IDENTIFIER = com.alwayswithsound.AutoFinder;
				PRODUCT_NAME = "$(TARGET_NAME)";
				SWIFT_EMIT_LOC_STRINGS = YES;
				SWIFT_VERSION = 5.0;
				TARGETED_DEVICE_FAMILY = "1,2";
			};
			name = Debug;
		};
		8451E4E52DE9661E00D722AC /* Release */ = {
			isa = XCBuildConfiguration;
			buildSettings = {
				ASSETCATALOG_COMPILER_APPICON_NAME = AppIcon;
				ASSETCATALOG_COMPILER_GLOBAL_ACCENT_COLOR_NAME = AccentColor;
				CODE_SIGN_STYLE = Automatic;
				CURRENT_PROJECT_VERSION = 1;
				DEVELOPMENT_ASSET_PATHS = "\"AutoFinder/Preview Content\"";
				DEVELOPMENT_TEAM = 5MBFCJFUHP;
				ENABLE_PREVIEWS = YES;
				GENERATE_INFOPLIST_FILE = YES;
				INFOPLIST_FILE = "";
				INFOPLIST_KEY_UIApplicationSceneManifest_Generation = YES;
				INFOPLIST_KEY_UIApplicationSupportsIndirectInputEvents = YES;
				INFOPLIST_KEY_UILaunchScreen_Generation = YES;
				INFOPLIST_KEY_UISupportedInterfaceOrientations_iPad = "UIInterfaceOrientationPortrait UIInterfaceOrientationPortraitUpsideDown UIInterfaceOrientationLandscapeLeft UIInterfaceOrientationLandscapeRight";
				INFOPLIST_KEY_UISupportedInterfaceOrientations_iPhone = "UIInterfaceOrientationPortrait UIInterfaceOrientationLandscapeLeft UIInterfaceOrientationLandscapeRight";
				LD_RUNPATH_SEARCH_PATHS = (
					"$(inherited)",
					"@executable_path/Frameworks",
				);
				MARKETING_VERSION = 1.0;
				PRODUCT_BUNDLE_IDENTIFIER = com.alwayswithsound.AutoFinder;
				PRODUCT_NAME = "$(TARGET_NAME)";
				SWIFT_EMIT_LOC_STRINGS = YES;
				SWIFT_VERSION = 5.0;
				TARGETED_DEVICE_FAMILY = "1,2";
			};
			name = Release;
		};
		8451E4E72DE9661E00D722AC /* Debug */ = {
			isa = XCBuildConfiguration;
			buildSettings = {
				BUNDLE_LOADER = "$(TEST_HOST)";
				CODE_SIGN_STYLE = Automatic;
				CURRENT_PROJECT_VERSION = 1;
				DEVELOPMENT_TEAM = 5MBFCJFUHP;
				GENERATE_INFOPLIST_FILE = YES;
				IPHONEOS_DEPLOYMENT_TARGET = 18.0;
				MARKETING_VERSION = 1.0;
				PRODUCT_BUNDLE_IDENTIFIER = com.alwayswithsound.AutoFinderTests;
				PRODUCT_NAME = "$(TARGET_NAME)";
				SWIFT_EMIT_LOC_STRINGS = NO;
				SWIFT_VERSION = 5.0;
				TARGETED_DEVICE_FAMILY = "1,2";
				TEST_HOST = "$(BUILT_PRODUCTS_DIR)/AutoFinder.app/$(BUNDLE_EXECUTABLE_FOLDER_PATH)/AutoFinder";
			};
			name = Debug;
		};
		8451E4E82DE9661E00D722AC /* Release */ = {
			isa = XCBuildConfiguration;
			buildSettings = {
				BUNDLE_LOADER = "$(TEST_HOST)";
				CODE_SIGN_STYLE = Automatic;
				CURRENT_PROJECT_VERSION = 1;
				DEVELOPMENT_TEAM = 5MBFCJFUHP;
				GENERATE_INFOPLIST_FILE = YES;
				IPHONEOS_DEPLOYMENT_TARGET = 18.0;
				MARKETING_VERSION = 1.0;
				PRODUCT_BUNDLE_IDENTIFIER = com.alwayswithsound.AutoFinderTests;
				PRODUCT_NAME = "$(TARGET_NAME)";
				SWIFT_EMIT_LOC_STRINGS = NO;
				SWIFT_VERSION = 5.0;
				TARGETED_DEVICE_FAMILY = "1,2";
				TEST_HOST = "$(BUILT_PRODUCTS_DIR)/AutoFinder.app/$(BUNDLE_EXECUTABLE_FOLDER_PATH)/AutoFinder";
			};
			name = Release;
		};
		8451E4EA2DE9661E00D722AC /* Debug */ = {
			isa = XCBuildConfiguration;
			buildSettings = {
				CODE_SIGN_STYLE = Automatic;
				CURRENT_PROJECT_VERSION = 1;
				DEVELOPMENT_TEAM = 5MBFCJFUHP;
				GENERATE_INFOPLIST_FILE = YES;
				MARKETING_VERSION = 1.0;
				PRODUCT_BUNDLE_IDENTIFIER = com.alwayswithsound.AutoFinderUITests;
				PRODUCT_NAME = "$(TARGET_NAME)";
				SWIFT_EMIT_LOC_STRINGS = NO;
				SWIFT_VERSION = 5.0;
				TARGETED_DEVICE_FAMILY = "1,2";
				TEST_TARGET_NAME = AutoFinder;
			};
			name = Debug;
		};
		8451E4EB2DE9661E00D722AC /* Release */ = {
			isa = XCBuildConfiguration;
			buildSettings = {
				CODE_SIGN_STYLE = Automatic;
				CURRENT_PROJECT_VERSION = 1;
				DEVELOPMENT_TEAM = 5MBFCJFUHP;
				GENERATE_INFOPLIST_FILE = YES;
				MARKETING_VERSION = 1.0;
				PRODUCT_BUNDLE_IDENTIFIER = com.alwayswithsound.AutoFinderUITests;
				PRODUCT_NAME = "$(TARGET_NAME)";
				SWIFT_EMIT_LOC_STRINGS = NO;
				SWIFT_VERSION = 5.0;
				TARGETED_DEVICE_FAMILY = "1,2";
				TEST_TARGET_NAME = AutoFinder;
			};
			name = Release;
		};
/* End XCBuildConfiguration section */

/* Begin XCConfigurationList section */
		8451E4BA2DE9661D00D722AC /* Build configuration list for PBXProject "AutoFinder" */ = {
			isa = XCConfigurationList;
			buildConfigurations = (
				8451E4E12DE9661E00D722AC /* Debug */,
				8451E4E22DE9661E00D722AC /* Release */,
			);
			defaultConfigurationIsVisible = 0;
			defaultConfigurationName = Release;
		};
		8451E4E32DE9661E00D722AC /* Build configuration list for PBXNativeTarget "AutoFinder" */ = {
			isa = XCConfigurationList;
			buildConfigurations = (
				8451E4E42DE9661E00D722AC /* Debug */,
				8451E4E52DE9661E00D722AC /* Release */,
			);
			defaultConfigurationIsVisible = 0;
			defaultConfigurationName = Release;
		};
		8451E4E62DE9661E00D722AC /* Build configuration list for PBXNativeTarget "AutoFinderTests" */ = {
			isa = XCConfigurationList;
			buildConfigurations = (
				8451E4E72DE9661E00D722AC /* Debug */,
				8451E4E82DE9661E00D722AC /* Release */,
			);
			defaultConfigurationIsVisible = 0;
			defaultConfigurationName = Release;
		};
		8451E4E92DE9661E00D722AC /* Build configuration list for PBXNativeTarget "AutoFinderUITests" */ = {
			isa = XCConfigurationList;
			buildConfigurations = (
				8451E4EA2DE9661E00D722AC /* Debug */,
				8451E4EB2DE9661E00D722AC /* Release */,
			);
			defaultConfigurationIsVisible = 0;
			defaultConfigurationName = Release;
		};
/* End XCConfigurationList section */

/* Begin XCRemoteSwiftPackageReference section */
		8451E4EC2DE9664C00D722AC /* XCRemoteSwiftPackageReference "Alamofire" */ = {
			isa = XCRemoteSwiftPackageReference;
			repositoryURL = "https://github.com/Alamofire/Alamofire.git";
			requirement = {
				kind = upToNextMajorVersion;
				minimumVersion = 5.10.2;
			};
		};
		8451E4EF2DE9666300D722AC /* XCRemoteSwiftPackageReference "SDWebImageSwiftUI" */ = {
			isa = XCRemoteSwiftPackageReference;
			repositoryURL = "https://github.com/SDWebImage/SDWebImageSwiftUI.git";
			requirement = {
				kind = upToNextMajorVersion;
				minimumVersion = 3.1.3;
			};
		};
		8451E4F22DE9668400D722AC /* XCRemoteSwiftPackageReference "KeychainAccess" */ = {
			isa = XCRemoteSwiftPackageReference;
			repositoryURL = "https://github.com/kishikawakatsumi/KeychainAccess.git";
			requirement = {
				branch = master;
				kind = branch;
			};
		};
		8451E4F52DE9669600D722AC /* XCRemoteSwiftPackageReference "SwiftUIRefresh" */ = {
			isa = XCRemoteSwiftPackageReference;
			repositoryURL = "https://github.com/siteline/SwiftUIRefresh.git";
			requirement = {
				kind = upToNextMajorVersion;
				minimumVersion = 0.0.3;
			};
		};
/* End XCRemoteSwiftPackageReference section */

/* Begin XCSwiftPackageProductDependency section */
		8451E4ED2DE9664C00D722AC /* Alamofire */ = {
			isa = XCSwiftPackageProductDependency;
			package = 8451E4EC2DE9664C00D722AC /* XCRemoteSwiftPackageReference "Alamofire" */;
			productName = Alamofire;
		};
		8451E4F02DE9666300D722AC /* SDWebImageSwiftUI */ = {
			isa = XCSwiftPackageProductDependency;
			package = 8451E4EF2DE9666300D722AC /* XCRemoteSwiftPackageReference "SDWebImageSwiftUI" */;
			productName = SDWebImageSwiftUI;
		};
		8451E4F32DE9668400D722AC /* KeychainAccess */ = {
			isa = XCSwiftPackageProductDependency;
			package = 8451E4F22DE9668400D722AC /* XCRemoteSwiftPackageReference "KeychainAccess" */;
			productName = KeychainAccess;
		};
		8451E4F62DE9669600D722AC /* SwiftUIRefresh */ = {
			isa = XCSwiftPackageProductDependency;
			package = 8451E4F52DE9669600D722AC /* XCRemoteSwiftPackageReference "SwiftUIRefresh" */;
			productName = SwiftUIRefresh;
		};
/* End XCSwiftPackageProductDependency section */
	};
	rootObject = 8451E4B72DE9661D00D722AC /* Project object */;
}
